{
  "name": "@solrengine/wallet-utils",
  "version": "0.3.0",
  "lockfileVersion": 3,
  "requires": true,
  "packages": {
    "": {
      "name": "@solrengine/wallet-utils",
      "version": "0.3.0",
      "license": "MIT",
      "dependencies": {
        "tweetnacl": "^1.0.3"
      },
      "peerDependencies": {
        "@hotwired/stimulus": ">=3.0.0",
        "@hotwired/turbo": ">=8.0.0",
        "@solana/kit": ">=2.0.0",
        "@solana/wallet-standard-features": ">=1.0.0",
        "@wallet-standard/app": ">=1.0.0"
      }
    },
    "node_modules/@hotwired/stimulus": {
      "version": "3.2.2",
      "resolved": "https://registry.npmjs.org/@hotwired/stimulus/-/stimulus-3.2.2.tgz",
      "integrity": "sha512-eGeIqNOQpXoPAIP7tC1+1Yc1yl1xnwYqg+3mzqxyrbE5pg5YFBZcA6YoTiByJB6DKAEsiWtl6tjTJS4IYtbB7A==",
      "license": "MIT",
      "peer": true
    },
    "node_modules/@hotwired/turbo": {
      "version": "8.0.23",
      "resolved": "https://registry.npmjs.org/@hotwired/turbo/-/turbo-8.0.23.tgz",
      "integrity": "sha512-GZ7cijxEZ6Ig71u7rD6LHaRv/wcE/hNsc+nEfiWOkLNqUgLOwo5MNGWOy5ZV9ZUDSiQx1no7YxjTNnT4O6//cQ==",
      "license": "MIT",
      "peer": true,
      "engines": {
        "node": ">= 18"
      }
    },
    "node_modules/@solana/accounts": {
      "version": "6.7.0",
      "resolved": "https://registry.npmjs.org/@solana/accounts/-/accounts-6.7.0.tgz",
      "integrity": "sha512-RNUJtnFKGjr4rdlnj5zUyhZolDl+EC2X5Sw0XAjXCsyp5A0TbymWA/XbyUGw9FYdv2TP1x10lD8TiH/IRo4dlA==",
      "license": "MIT",
      "dependencies": {
        "@solana/addresses": "6.7.0",
        "@solana/codecs-core": "6.7.0",
        "@solana/codecs-strings": "6.7.0",
        "@solana/errors": "6.7.0",
        "@solana/rpc-spec": "6.7.0",
        "@solana/rpc-types": "6.7.0"
      },
      "engines": {
        "node": ">=20.18.0"
      },
      "peerDependencies": {
        "typescript": "^5.0.0"
      },
      "peerDependenciesMeta": {
        "typescript": {
          "optional": true
        }
      }
    },
    "node_modules/@solana/addresses": {
      "version": "6.7.0",
      "resolved": "https://registry.npmjs.org/@solana/addresses/-/addresses-6.7.0.tgz",
      "integrity": "sha512-jmzTxmEXXPDyh1vIJnxjGWxpX1p8DiS201M0yzPynlOf3XhQrk5nfVYw5O/U3+g64pEyOi/W6qbTVAVOov+oVw==",
      "license": "MIT",
      "dependencies": {
        "@solana/assertions": "6.7.0",
        "@solana/codecs-core": "6.7.0",
        "@solana/codecs-strings": "6.7.0",
        "@solana/errors": "6.7.0",
        "@solana/nominal-types": "6.7.0"
      },
      "engines": {
        "node": ">=20.18.0"
      },
      "peerDependencies": {
        "typescript": "^5.0.0"
      },
      "peerDependenciesMeta": {
        "typescript": {
          "optional": true
        }
      }
    },
    "node_modules/@solana/assertions": {
      "version": "6.7.0",
      "resolved": "https://registry.npmjs.org/@solana/assertions/-/assertions-6.7.0.tgz",
      "integrity": "sha512-/nv3tgZNYmIz2mezzfjQcAUl1QN70lGYqKtR+LWFlKt2Srv0V9ugyerniRInMpuPjb/loVA9UxdPne0hzFt4Uw==",
      "license": "MIT",
      "dependencies": {
        "@solana/errors": "6.7.0"
      },
      "engines": {
        "node": ">=20.18.0"
      },
      "peerDependencies": {
        "typescript": "^5.0.0"
      },
      "peerDependenciesMeta": {
        "typescript": {
          "optional": true
        }
      }
    },
    "node_modules/@solana/codecs": {
      "version": "6.7.0",
      "resolved": "https://registry.npmjs.org/@solana/codecs/-/codecs-6.7.0.tgz",
      "integrity": "sha512-1LLDxHMDZj2OqPlSbgQY8uRw+AkvsdPQDJWkn783hzpBtU3oj7whehoqOETtTqbWtF1hK3T/cESz31LTL919pA==",
      "license": "MIT",
      "dependencies": {
        "@solana/codecs-core": "6.7.0",
        "@solana/codecs-data-structures": "6.7.0",
        "@solana/codecs-numbers": "6.7.0",
        "@solana/codecs-strings": "6.7.0",
        "@solana/options": "6.7.0"
      },
      "engines": {
        "node": ">=20.18.0"
      },
      "peerDependencies": {
        "typescript": "^5.0.0"
      },
      "peerDependenciesMeta": {
        "typescript": {
          "optional": true
        }
      }
    },
    "node_modules/@solana/codecs-core": {
      "version": "6.7.0",
      "resolved": "https://registry.npmjs.org/@solana/codecs-core/-/codecs-core-6.7.0.tgz",
      "integrity": "sha512-IVBuoFyN8upzJJ/Qg3Wc/Go8XKusZXAjqsglgCLCTgOaS68kb9E9CC2N8cGkqFDb2zJuOqGm80ZBdQaL/T7qiA==",
      "license": "MIT",
      "dependencies": {
        "@solana/errors": "6.7.0"
      },
      "engines": {
        "node": ">=20.18.0"
      },
      "peerDependencies": {
        "typescript": "^5.0.0"
      },
      "peerDependenciesMeta": {
        "typescript": {
          "optional": true
        }
      }
    },
    "node_modules/@solana/codecs-data-structures": {
      "version": "6.7.0",
      "resolved": "https://registry.npmjs.org/@solana/codecs-data-structures/-/codecs-data-structures-6.7.0.tgz",
      "integrity": "sha512-n9SUQd5hGLAmYV4fJL6XEEdL5oZ+gfUxPe7rENPAXxw2gwjc4/axV3s251a3duKNJPW0CVwdmMM4tcUxJmmpGw==",
      "license": "MIT",
      "dependencies": {
        "@solana/codecs-core": "6.7.0",
        "@solana/codecs-numbers": "6.7.0",
        "@solana/errors": "6.7.0"
      },
      "engines": {
        "node": ">=20.18.0"
      },
      "peerDependencies": {
        "typescript": "^5.0.0"
      },
      "peerDependenciesMeta": {
        "typescript": {
          "optional": true
        }
      }
    },
    "node_modules/@solana/codecs-numbers": {
      "version": "6.7.0",
      "resolved": "https://registry.npmjs.org/@solana/codecs-numbers/-/codecs-numbers-6.7.0.tgz",
      "integrity": "sha512-bk5b+JXVGoU6AdITBSd48NrCA2RsS8jpbXlyCnDsHJrr84TMJfk1lvFYXnv6DYm8ObdgaqIoQCo8lpvITEFavQ==",
      "license": "MIT",
      "dependencies": {
        "@solana/codecs-core": "6.7.0",
        "@solana/errors": "6.7.0"
      },
      "engines": {
        "node": ">=20.18.0"
      },
      "peerDependencies": {
        "typescript": "^5.0.0"
      },
      "peerDependenciesMeta": {
        "typescript": {
          "optional": true
        }
      }
    },
    "node_modules/@solana/codecs-strings": {
      "version": "6.7.0",
      "resolved": "https://registry.npmjs.org/@solana/codecs-strings/-/codecs-strings-6.7.0.tgz",
      "integrity": "sha512-X+vmiHll/8ATjW1GCny5jP5odZXq2f6luUmyMsEuUvBugA8KqFUqb9FezdHDizuWU234im+0iDFMjvvFNt0ROw==",
      "license": "MIT",
      "dependencies": {
        "@solana/codecs-core": "6.7.0",
        "@solana/codecs-numbers": "6.7.0",
        "@solana/errors": "6.7.0"
      },
      "engines": {
        "node": ">=20.18.0"
      },
      "peerDependencies": {
        "fastestsmallesttextencoderdecoder": "^1.0.22",
        "typescript": "^5.0.0"
      },
      "peerDependenciesMeta": {
        "fastestsmallesttextencoderdecoder": {
          "optional": true
        },
        "typescript": {
          "optional": true
        }
      }
    },
    "node_modules/@solana/errors": {
      "version": "6.7.0",
      "resolved": "https://registry.npmjs.org/@solana/errors/-/errors-6.7.0.tgz",
      "integrity": "sha512-wxxo56b2NHcXXXTr/tixpDCa8xzW8v4/gNnDPcctwof21/Jv8qNNyBNgu/xbREuN1SQNthDM5d5c7k/v67uQkw==",
      "license": "MIT",
      "dependencies": {
        "chalk": "5.6.2",
        "commander": "14.0.3"
      },
      "bin": {
        "errors": "bin/cli.mjs"
      },
      "engines": {
        "node": ">=20.18.0"
      },
      "peerDependencies": {
        "typescript": "^5.0.0"
      },
      "peerDependenciesMeta": {
        "typescript": {
          "optional": true
        }
      }
    },
    "node_modules/@solana/fast-stable-stringify": {
      "version": "6.7.0",
      "resolved": "https://registry.npmjs.org/@solana/fast-stable-stringify/-/fast-stable-stringify-6.7.0.tgz",
      "integrity": "sha512-1RAk+8PDrF1jDiZLbuPNsH6+g2XPR4jiN823ZqXaDcqgSjeCB59mkyH5KNuwhLFIBjxL+IApWdG+JL/H4WJu9g==",
      "license": "MIT",
      "engines": {
        "node": ">=20.18.0"
      },
      "peerDependencies": {
        "typescript": "^5.0.0"
      },
      "peerDependenciesMeta": {
        "typescript": {
          "optional": true
        }
      }
    },
    "node_modules/@solana/functional": {
      "version": "6.7.0",
      "resolved": "https://registry.npmjs.org/@solana/functional/-/functional-6.7.0.tgz",
      "integrity": "sha512-RcR+RRJKH43Ko98ru+LKDkjtcs3sHGz26HWL2IyPujni8RH3VsK2hg7HiLqO8Y4R53yzwsn2iZ3D+q8SkYbTpg==",
      "license": "MIT",
      "engines": {
        "node": ">=20.18.0"
      },
      "peerDependencies": {
        "typescript": "^5.0.0"
      },
      "peerDependenciesMeta": {
        "typescript": {
          "optional": true
        }
      }
    },
    "node_modules/@solana/instruction-plans": {
      "version": "6.7.0",
      "resolved": "https://registry.npmjs.org/@solana/instruction-plans/-/instruction-plans-6.7.0.tgz",
      "integrity": "sha512-JTCPahwY76ojHPW+P+xsT08pr7pZNPxQm6uuRBLRjQXmRaNu5ZENgJHGjm1C/gwOCq9qlzPTR3R2T9I5/88GOA==",
      "license": "MIT",
      "dependencies": {
        "@solana/errors": "6.7.0",
        "@solana/instructions": "6.7.0",
        "@solana/keys": "6.7.0",
        "@solana/promises": "6.7.0",
        "@solana/transaction-messages": "6.7.0",
        "@solana/transactions": "6.7.0"
      },
      "engines": {
        "node": ">=20.18.0"
      },
      "peerDependencies": {
        "typescript": "^5.0.0"
      },
      "peerDependenciesMeta": {
        "typescript": {
          "optional": true
        }
      }
    },
    "node_modules/@solana/instructions": {
      "version": "6.7.0",
      "resolved": "https://registry.npmjs.org/@solana/instructions/-/instructions-6.7.0.tgz",
      "integrity": "sha512-VlDcmxWXsLPO3BXMxQrv/wHDWz2HZ47XAYIgEJlIvzGYm77GEpawyNQSoPUb6F6zTBuJmn02HW8gvmEBYPqs7w==",
      "license": "MIT",
      "dependencies": {
        "@solana/codecs-core": "6.7.0",
        "@solana/errors": "6.7.0"
      },
      "engines": {
        "node": ">=20.18.0"
      },
      "peerDependencies": {
        "typescript": "^5.0.0"
      },
      "peerDependenciesMeta": {
        "typescript": {
          "optional": true
        }
      }
    },
    "node_modules/@solana/keys": {
      "version": "6.7.0",
      "resolved": "https://registry.npmjs.org/@solana/keys/-/keys-6.7.0.tgz",
      "integrity": "sha512-qyrBOLuluxkI+JamwpfsuwCIgFtapts+TcTeG4w0bxbE9TXJAJKb/CP9JhVt4XgNkW+awX4YTk0itpHOZL5y3Q==",
      "license": "MIT",
      "dependencies": {
        "@solana/assertions": "6.7.0",
        "@solana/codecs-core": "6.7.0",
        "@solana/codecs-strings": "6.7.0",
        "@solana/errors": "6.7.0",
        "@solana/nominal-types": "6.7.0"
      },
      "engines": {
        "node": ">=20.18.0"
      },
      "peerDependencies": {
        "typescript": "^5.0.0"
      },
      "peerDependenciesMeta": {
        "typescript": {
          "optional": true
        }
      }
    },
    "node_modules/@solana/kit": {
      "version": "6.7.0",
      "resolved": "https://registry.npmjs.org/@solana/kit/-/kit-6.7.0.tgz",
      "integrity": "sha512-/N/lkkYSQ4frD2K61jBZenvU92GoETiraCoWlsWe3OzqeJABMToLG3fwTpG/tU5T+ErHNqjmRdAHAQXvSe5muw==",
      "license": "MIT",
      "peer": true,
      "dependencies": {
        "@solana/accounts": "6.7.0",
        "@solana/addresses": "6.7.0",
        "@solana/codecs": "6.7.0",
        "@solana/errors": "6.7.0",
        "@solana/functional": "6.7.0",
        "@solana/instruction-plans": "6.7.0",
        "@solana/instructions": "6.7.0",
        "@solana/keys": "6.7.0",
        "@solana/offchain-messages": "6.7.0",
        "@solana/plugin-core": "6.7.0",
        "@solana/plugin-interfaces": "6.7.0",
        "@solana/program-client-core": "6.7.0",
        "@solana/programs": "6.7.0",
        "@solana/rpc": "6.7.0",
        "@solana/rpc-api": "6.7.0",
        "@solana/rpc-parsed-types": "6.7.0",
        "@solana/rpc-spec-types": "6.7.0",
        "@solana/rpc-subscriptions": "6.7.0",
        "@solana/rpc-types": "6.7.0",
        "@solana/signers": "6.7.0",
        "@solana/sysvars": "6.7.0",
        "@solana/transaction-confirmation": "6.7.0",
        "@solana/transaction-messages": "6.7.0",
        "@solana/transactions": "6.7.0"
      },
      "engines": {
        "node": ">=20.18.0"
      },
      "peerDependencies": {
        "typescript": "^5.0.0"
      },
      "peerDependenciesMeta": {
        "typescript": {
          "optional": true
        }
      }
    },
    "node_modules/@solana/nominal-types": {
      "version": "6.7.0",
      "resolved": "https://registry.npmjs.org/@solana/nominal-types/-/nominal-types-6.7.0.tgz",
      "integrity": "sha512-XY+6gF9TzonHiI6VBjtcrEfxT/0KlmF3KRFGSKM5JLEfhs3w+E26op3TOqHuOX7H6llZBgxybaZmXKrvo2rt/w==",
      "license": "MIT",
      "engines": {
        "node": ">=20.18.0"
      },
      "peerDependencies": {
        "typescript": "^5.0.0"
      },
      "peerDependenciesMeta": {
        "typescript": {
          "optional": true
        }
      }
    },
    "node_modules/@solana/offchain-messages": {
      "version": "6.7.0",
      "resolved": "https://registry.npmjs.org/@solana/offchain-messages/-/offchain-messages-6.7.0.tgz",
      "integrity": "sha512-c9IDz6hrzkklq0y7fhPXiY973cDILLL3ZIGIZPofEg12s/VxvUIFYseN/syVAQSUkzeYrDywZQLlF6sptAxWdQ==",
      "license": "MIT",
      "dependencies": {
        "@solana/addresses": "6.7.0",
        "@solana/codecs-core": "6.7.0",
        "@solana/codecs-data-structures": "6.7.0",
        "@solana/codecs-numbers": "6.7.0",
        "@solana/codecs-strings": "6.7.0",
        "@solana/errors": "6.7.0",
        "@solana/keys": "6.7.0",
        "@solana/nominal-types": "6.7.0"
      },
      "engines": {
        "node": ">=20.18.0"
      },
      "peerDependencies": {
        "typescript": "^5.0.0"
      },
      "peerDependenciesMeta": {
        "typescript": {
          "optional": true
        }
      }
    },
    "node_modules/@solana/options": {
      "version": "6.7.0",
      "resolved": "https://registry.npmjs.org/@solana/options/-/options-6.7.0.tgz",
      "integrity": "sha512-B6nmUvfNpW+E6Oq9MtCzI6ExK5b3AJIRqjz+x1RBdA9rUCF6alM/4bjCSoADCZZVCTMts7FJF59r9XZrwONp2w==",
      "license": "MIT",
      "dependencies": {
        "@solana/codecs-core": "6.7.0",
        "@solana/codecs-data-structures": "6.7.0",
        "@solana/codecs-numbers": "6.7.0",
        "@solana/codecs-strings": "6.7.0",
        "@solana/errors": "6.7.0"
      },
      "engines": {
        "node": ">=20.18.0"
      },
      "peerDependencies": {
        "typescript": "^5.0.0"
      },
      "peerDependenciesMeta": {
        "typescript": {
          "optional": true
        }
      }
    },
    "node_modules/@solana/plugin-core": {
      "version": "6.7.0",
      "resolved": "https://registry.npmjs.org/@solana/plugin-core/-/plugin-core-6.7.0.tgz",
      "integrity": "sha512-tO9PAa9nFxZdrlYYHuG8pP9WbO/Szo1rr2YT2Mpj8PKDDqLsrQ2cCC8GerHbdLOr1s+cE1O7fotbydGDqeC9yQ==",
      "license": "MIT",
      "engines": {
        "node": ">=20.18.0"
      },
      "peerDependencies": {
        "typescript": "^5.0.0"
      },
      "peerDependenciesMeta": {
        "typescript": {
          "optional": true
        }
      }
    },
    "node_modules/@solana/plugin-interfaces": {
      "version": "6.7.0",
      "resolved": "https://registry.npmjs.org/@solana/plugin-interfaces/-/plugin-interfaces-6.7.0.tgz",
      "integrity": "sha512-RVlZEx3gqCsPZ2aQtxRc+8TX0m8LqPFakZn9ceq40WPuZwqE1khx4G82aYSxwJiiZ3HIepMPChRYSG+7tcoRRA==",
      "license": "MIT",
      "dependencies": {
        "@solana/addresses": "6.7.0",
        "@solana/instruction-plans": "6.7.0",
        "@solana/keys": "6.7.0",
        "@solana/rpc-spec": "6.7.0",
        "@solana/rpc-subscriptions-spec": "6.7.0",
        "@solana/rpc-types": "6.7.0",
        "@solana/signers": "6.7.0"
      },
      "engines": {
        "node": ">=20.18.0"
      },
      "peerDependencies": {
        "typescript": "^5.0.0"
      },
      "peerDependenciesMeta": {
        "typescript": {
          "optional": true
        }
      }
    },
    "node_modules/@solana/program-client-core": {
      "version": "6.7.0",
      "resolved": "https://registry.npmjs.org/@solana/program-client-core/-/program-client-core-6.7.0.tgz",
      "integrity": "sha512-/ReQ26eOUjdL26smpv1732H+amGOCAB6dMnCCgaqCxS1pzY6bAfJoS6SU+z4ev8KzF7kAdlZG/f+LrtI74hFyA==",
      "license": "MIT",
      "dependencies": {
        "@solana/accounts": "6.7.0",
        "@solana/addresses": "6.7.0",
        "@solana/codecs-core": "6.7.0",
        "@solana/errors": "6.7.0",
        "@solana/instruction-plans": "6.7.0",
        "@solana/instructions": "6.7.0",
        "@solana/plugin-interfaces": "6.7.0",
        "@solana/rpc-api": "6.7.0",
        "@solana/signers": "6.7.0"
      },
      "engines": {
        "node": ">=20.18.0"
      },
      "peerDependencies": {
        "typescript": "^5.0.0"
      },
      "peerDependenciesMeta": {
        "typescript": {
          "optional": true
        }
      }
    },
    "node_modules/@solana/programs": {
      "version": "6.7.0",
      "resolved": "https://registry.npmjs.org/@solana/programs/-/programs-6.7.0.tgz",
      "integrity": "sha512-RbJ9jWRaSGSQgyDyaN2FBXjqb5ussSjmIRgG5SsXehCQeJqb91qVGRpA55x7H6pbIPX5WDIiBgxZTK0nS4ja7Q==",
      "license": "MIT",
      "dependencies": {
        "@solana/addresses": "6.7.0",
        "@solana/errors": "6.7.0"
      },
      "engines": {
        "node": ">=20.18.0"
      },
      "peerDependencies": {
        "typescript": "^5.0.0"
      },
      "peerDependenciesMeta": {
        "typescript": {
          "optional": true
        }
      }
    },
    "node_modules/@solana/promises": {
      "version": "6.7.0",
      "resolved": "https://registry.npmjs.org/@solana/promises/-/promises-6.7.0.tgz",
      "integrity": "sha512-LKdYoYr6KXqSsJ39VjlZ15l+QuCx/bzoug62CShJqud41BUFUTPm7mD5sbV+rc8k0W1+MY8OKFA8G1i7zljw7w==",
      "license": "MIT",
      "engines": {
        "node": ">=20.18.0"
      },
      "peerDependencies": {
        "typescript": "^5.0.0"
      },
      "peerDependenciesMeta": {
        "typescript": {
          "optional": true
        }
      }
    },
    "node_modules/@solana/rpc": {
      "version": "6.7.0",
      "resolved": "https://registry.npmjs.org/@solana/rpc/-/rpc-6.7.0.tgz",
      "integrity": "sha512-Z2gE4U4ou8st8CwV1NjoVvVjeEfJi1Xnz5Rs5bd6vIneHyB3UjVk8hHmjNpaYCI/11zdFL1gp4D2tga38pNrHg==",
      "license": "MIT",
      "dependencies": {
        "@solana/errors": "6.7.0",
        "@solana/fast-stable-stringify": "6.7.0",
        "@solana/functional": "6.7.0",
        "@solana/rpc-api": "6.7.0",
        "@solana/rpc-spec": "6.7.0",
        "@solana/rpc-spec-types": "6.7.0",
        "@solana/rpc-transformers": "6.7.0",
        "@solana/rpc-transport-http": "6.7.0",
        "@solana/rpc-types": "6.7.0"
      },
      "engines": {
        "node": ">=20.18.0"
      },
      "peerDependencies": {
        "typescript": "^5.0.0"
      },
      "peerDependenciesMeta": {
        "typescript": {
          "optional": true
        }
      }
    },
    "node_modules/@solana/rpc-api": {
      "version": "6.7.0",
      "resolved": "https://registry.npmjs.org/@solana/rpc-api/-/rpc-api-6.7.0.tgz",
      "integrity": "sha512-Tzz1Mr2ejmLV2vKqPPru51u4EiwOUdMGHgby6j9XKMDBNcLIYPnAJKfIgbTZUJljM/MPFzZSzBGUzmoTo4pqTQ==",
      "license": "MIT",
      "dependencies": {
        "@solana/addresses": "6.7.0",
        "@solana/codecs-core": "6.7.0",
        "@solana/codecs-strings": "6.7.0",
        "@solana/errors": "6.7.0",
        "@solana/keys": "6.7.0",
        "@solana/rpc-parsed-types": "6.7.0",
        "@solana/rpc-spec": "6.7.0",
        "@solana/rpc-transformers": "6.7.0",
        "@solana/rpc-types": "6.7.0",
        "@solana/transaction-messages": "6.7.0",
        "@solana/transactions": "6.7.0"
      },
      "engines": {
        "node": ">=20.18.0"
      },
      "peerDependencies": {
        "typescript": "^5.0.0"
      },
      "peerDependenciesMeta": {
        "typescript": {
          "optional": true
        }
      }
    },
    "node_modules/@solana/rpc-parsed-types": {
      "version": "6.7.0",
      "resolved": "https://registry.npmjs.org/@solana/rpc-parsed-types/-/rpc-parsed-types-6.7.0.tgz",
      "integrity": "sha512-DwX4O918uAodrJyMh5TmsovOGeXRfF46Qwgbh57ZknFk3whrnahAHnPV9H5uR41hBExfZ/RE4u4IvLySca3Y8g==",
      "license": "MIT",
      "engines": {
        "node": ">=20.18.0"
      },
      "peerDependencies": {
        "typescript": "^5.0.0"
      },
      "peerDependenciesMeta": {
        "typescript": {
          "optional": true
        }
      }
    },
    "node_modules/@solana/rpc-spec": {
      "version": "6.7.0",
      "resolved": "https://registry.npmjs.org/@solana/rpc-spec/-/rpc-spec-6.7.0.tgz",
      "integrity": "sha512-dCCwZQdWW176fs7Db9qOrCGii7WnIhe+x5DM1p8TFov+4X/4APD4VD5/sgUcTEFKobawYaqrH2f7kk/kMSbE3w==",
      "license": "MIT",
      "dependencies": {
        "@solana/errors": "6.7.0",
        "@solana/rpc-spec-types": "6.7.0"
      },
      "engines": {
        "node": ">=20.18.0"
      },
      "peerDependencies": {
        "typescript": "^5.0.0"
      },
      "peerDependenciesMeta": {
        "typescript": {
          "optional": true
        }
      }
    },
    "node_modules/@solana/rpc-spec-types": {
      "version": "6.7.0",
      "resolved": "https://registry.npmjs.org/@solana/rpc-spec-types/-/rpc-spec-types-6.7.0.tgz",
      "integrity": "sha512-ohameGNJmtjZm7bIIGSaRIRI2G6Ikx77MfCyi9egxZo+CSS6X8WYQyqibVFjq/5RuFz9KnQp6+o2wOn3UL78sg==",
      "license": "MIT",
      "engines": {
        "node": ">=20.18.0"
      },
      "peerDependencies": {
        "typescript": "^5.0.0"
      },
      "peerDependenciesMeta": {
        "typescript": {
          "optional": true
        }
      }
    },
    "node_modules/@solana/rpc-subscriptions": {
      "version": "6.7.0",
      "resolved": "https://registry.npmjs.org/@solana/rpc-subscriptions/-/rpc-subscriptions-6.7.0.tgz",
      "integrity": "sha512-QocXnamF9fkgRMneApAepFZEX6sqjmFcmNX1h+fx05KKouQRgJ5fMEmV10Ga9DFtdc8CJtOPqYjyYRk2b/ygLQ==",
      "license": "MIT",
      "dependencies": {
        "@solana/errors": "6.7.0",
        "@solana/fast-stable-stringify": "6.7.0",
        "@solana/functional": "6.7.0",
        "@solana/promises": "6.7.0",
        "@solana/rpc-spec-types": "6.7.0",
        "@solana/rpc-subscriptions-api": "6.7.0",
        "@solana/rpc-subscriptions-channel-websocket": "6.7.0",
        "@solana/rpc-subscriptions-spec": "6.7.0",
        "@solana/rpc-transformers": "6.7.0",
        "@solana/rpc-types": "6.7.0",
        "@solana/subscribable": "6.7.0"
      },
      "engines": {
        "node": ">=20.18.0"
      },
      "peerDependencies": {
        "typescript": "^5.0.0"
      },
      "peerDependenciesMeta": {
        "typescript": {
          "optional": true
        }
      }
    },
    "node_modules/@solana/rpc-subscriptions-api": {
      "version": "6.7.0",
      "resolved": "https://registry.npmjs.org/@solana/rpc-subscriptions-api/-/rpc-subscriptions-api-6.7.0.tgz",
      "integrity": "sha512-924U8fmFd+5ZkkK5023LWsR//qIkx7TinNxuFEnpbM4x/Yfi2O50xLelnx6hWV+dOJRQSJDzpMoPa3edQXUyQQ==",
      "license": "MIT",
      "dependencies": {
        "@solana/addresses": "6.7.0",
        "@solana/keys": "6.7.0",
        "@solana/rpc-subscriptions-spec": "6.7.0",
        "@solana/rpc-transformers": "6.7.0",
        "@solana/rpc-types": "6.7.0",
        "@solana/transaction-messages": "6.7.0",
        "@solana/transactions": "6.7.0"
      },
      "engines": {
        "node": ">=20.18.0"
      },
      "peerDependencies": {
        "typescript": "^5.0.0"
      },
      "peerDependenciesMeta": {
        "typescript": {
          "optional": true
        }
      }
    },
    "node_modules/@solana/rpc-subscriptions-channel-websocket": {
      "version": "6.7.0",
      "resolved": "https://registry.npmjs.org/@solana/rpc-subscriptions-channel-websocket/-/rpc-subscriptions-channel-websocket-6.7.0.tgz",
      "integrity": "sha512-QlyqG31WCZtHrRinxeysNpmWOUJ8dYVl6/IKDACSH8QwlTmKkeIi/U197RfZ24ul+nDQ/arrVBp3wBFWVK8MWg==",
      "license": "MIT",
      "dependencies": {
        "@solana/errors": "6.7.0",
        "@solana/functional": "6.7.0",
        "@solana/rpc-subscriptions-spec": "6.7.0",
        "@solana/subscribable": "6.7.0",
        "ws": "^8.19.0"
      },
      "engines": {
        "node": ">=20.18.0"
      },
      "peerDependencies": {
        "typescript": "^5.0.0"
      },
      "peerDependenciesMeta": {
        "typescript": {
          "optional": true
        }
      }
    },
    "node_modules/@solana/rpc-subscriptions-spec": {
      "version": "6.7.0",
      "resolved": "https://registry.npmjs.org/@solana/rpc-subscriptions-spec/-/rpc-subscriptions-spec-6.7.0.tgz",
      "integrity": "sha512-F+zK+l3INGGzrKN5+4VV8wemS18IvNYtr43h05VMwPF4qcibR+RnAxZ0Eq6FiCjQ+nF8dA5lE1eQxkkLoNxThQ==",
      "license": "MIT",
      "dependencies": {
        "@solana/errors": "6.7.0",
        "@solana/promises": "6.7.0",
        "@solana/rpc-spec-types": "6.7.0",
        "@solana/subscribable": "6.7.0"
      },
      "engines": {
        "node": ">=20.18.0"
      },
      "peerDependencies": {
        "typescript": "^5.0.0"
      },
      "peerDependenciesMeta": {
        "typescript": {
          "optional": true
        }
      }
    },
    "node_modules/@solana/rpc-transformers": {
      "version": "6.7.0",
      "resolved": "https://registry.npmjs.org/@solana/rpc-transformers/-/rpc-transformers-6.7.0.tgz",
      "integrity": "sha512-0kKwDbvYRfc5jvppqdkgxI620qF/rxnfayR0XLvdu4W+mOKMNEbBccBzrMqwm0tjVWGRgRHtpQtZ7t9fKWDX8A==",
      "license": "MIT",
      "dependencies": {
        "@solana/errors": "6.7.0",
        "@solana/functional": "6.7.0",
        "@solana/nominal-types": "6.7.0",
        "@solana/rpc-spec-types": "6.7.0",
        "@solana/rpc-types": "6.7.0"
      },
      "engines": {
        "node": ">=20.18.0"
      },
      "peerDependencies": {
        "typescript": "^5.0.0"
      },
      "peerDependenciesMeta": {
        "typescript": {
          "optional": true
        }
      }
    },
    "node_modules/@solana/rpc-transport-http": {
      "version": "6.7.0",
      "resolved": "https://registry.npmjs.org/@solana/rpc-transport-http/-/rpc-transport-http-6.7.0.tgz",
      "integrity": "sha512-FDj6y+LT+TY5cn4bgYjZss73vqqThc60P7CLSDUqYzTtqNE+IfEe7h6pmP4oJvOVWr6sWwYICHkgD3x2BFtPZA==",
      "license": "MIT",
      "dependencies": {
        "@solana/errors": "6.7.0",
        "@solana/rpc-spec": "6.7.0",
        "@solana/rpc-spec-types": "6.7.0",
        "undici-types": "^7.22.0"
      },
      "engines": {
        "node": ">=20.18.0"
      },
      "peerDependencies": {
        "typescript": "^5.0.0"
      },
      "peerDependenciesMeta": {
        "typescript": {
          "optional": true
        }
      }
    },
    "node_modules/@solana/rpc-types": {
      "version": "6.7.0",
      "resolved": "https://registry.npmjs.org/@solana/rpc-types/-/rpc-types-6.7.0.tgz",
      "integrity": "sha512-M5F1ommNsp/aNWZIDUdboOHAftrPaUH6wcho71bIh3WaTVAtk2vYyyTaow+lX5sI3psVE/XB8f2WVcKH+p1TIA==",
      "license": "MIT",
      "dependencies": {
        "@solana/addresses": "6.7.0",
        "@solana/codecs-core": "6.7.0",
        "@solana/codecs-numbers": "6.7.0",
        "@solana/codecs-strings": "6.7.0",
        "@solana/errors": "6.7.0",
        "@solana/nominal-types": "6.7.0"
      },
      "engines": {
        "node": ">=20.18.0"
      },
      "peerDependencies": {
        "typescript": "^5.0.0"
      },
      "peerDependenciesMeta": {
        "typescript": {
          "optional": true
        }
      }
    },
    "node_modules/@solana/signers": {
      "version": "6.7.0",
      "resolved": "https://registry.npmjs.org/@solana/signers/-/signers-6.7.0.tgz",
      "integrity": "sha512-r2cFkxJFf7AjxXkZL0aXbiipscis7xzs1acmZzD2pgy7w7Hz6bw1w3lWihYL/pgjprYafnpH7XG36jJzKF0+WA==",
      "license": "MIT",
      "dependencies": {
        "@solana/addresses": "6.7.0",
        "@solana/codecs-core": "6.7.0",
        "@solana/errors": "6.7.0",
        "@solana/instructions": "6.7.0",
        "@solana/keys": "6.7.0",
        "@solana/nominal-types": "6.7.0",
        "@solana/offchain-messages": "6.7.0",
        "@solana/transaction-messages": "6.7.0",
        "@solana/transactions": "6.7.0"
      },
      "engines": {
        "node": ">=20.18.0"
      },
      "peerDependencies": {
        "typescript": "^5.0.0"
      },
      "peerDependenciesMeta": {
        "typescript": {
          "optional": true
        }
      }
    },
    "node_modules/@solana/subscribable": {
      "version": "6.7.0",
      "resolved": "https://registry.npmjs.org/@solana/subscribable/-/subscribable-6.7.0.tgz",
      "integrity": "sha512-cAEM3u8Z9qTjWwMEZ75tMRoFWArPnseP3INz0FM8FxsjD5uxZ5rH6H0uPfUBBiI/n+pqdkmQMX39hmdXE39hXQ==",
      "license": "MIT",
      "dependencies": {
        "@solana/errors": "6.7.0"
      },
      "engines": {
        "node": ">=20.18.0"
      },
      "peerDependencies": {
        "typescript": "^5.0.0"
      },
      "peerDependenciesMeta": {
        "typescript": {
          "optional": true
        }
      }
    },
    "node_modules/@solana/sysvars": {
      "version": "6.7.0",
      "resolved": "https://registry.npmjs.org/@solana/sysvars/-/sysvars-6.7.0.tgz",
      "integrity": "sha512-TDMmDh1Nq/F0B0IN6P/eujx96oLo9n794jn7ZAT+a7cSrMM9QtxPXvEaW8cqp0cB6lWWkKolPfPSOilZK74WcQ==",
      "license": "MIT",
      "dependencies": {
        "@solana/accounts": "6.7.0",
        "@solana/codecs-core": "6.7.0",
        "@solana/codecs-data-structures": "6.7.0",
        "@solana/codecs-numbers": "6.7.0",
        "@solana/errors": "6.7.0",
        "@solana/rpc-types": "6.7.0"
      },
      "engines": {
        "node": ">=20.18.0"
      },
      "peerDependencies": {
        "typescript": "^5.0.0"
      },
      "peerDependenciesMeta": {
        "typescript": {
          "optional": true
        }
      }
    },
    "node_modules/@solana/transaction-confirmation": {
      "version": "6.7.0",
      "resolved": "https://registry.npmjs.org/@solana/transaction-confirmation/-/transaction-confirmation-6.7.0.tgz",
      "integrity": "sha512-yalZYuOQDvLpRftcxdKYRbPkEjPRNZ1pFavdpj4TWPQryYbq86xgxJmvP2GW8UnCIBEp42PucbdHXuXM33Cx+A==",
      "license": "MIT",
      "dependencies": {
        "@solana/addresses": "6.7.0",
        "@solana/codecs-strings": "6.7.0",
        "@solana/errors": "6.7.0",
        "@solana/keys": "6.7.0",
        "@solana/promises": "6.7.0",
        "@solana/rpc": "6.7.0",
        "@solana/rpc-subscriptions": "6.7.0",
        "@solana/rpc-types": "6.7.0",
        "@solana/transaction-messages": "6.7.0",
        "@solana/transactions": "6.7.0"
      },
      "engines": {
        "node": ">=20.18.0"
      },
      "peerDependencies": {
        "typescript": "^5.0.0"
      },
      "peerDependenciesMeta": {
        "typescript": {
          "optional": true
        }
      }
    },
    "node_modules/@solana/transaction-messages": {
      "version": "6.7.0",
      "resolved": "https://registry.npmjs.org/@solana/transaction-messages/-/transaction-messages-6.7.0.tgz",
      "integrity": "sha512-sbr26okH0DNrufhMMegMyqL1z1+ISXn/NcIWeEh7xXiMUGZlWL1z045PrRdqD2qTkMh8c474DBEzfGWj8AiQOA==",
      "license": "MIT",
      "dependencies": {
        "@solana/addresses": "6.7.0",
        "@solana/codecs-core": "6.7.0",
        "@solana/codecs-data-structures": "6.7.0",
        "@solana/codecs-numbers": "6.7.0",
        "@solana/errors": "6.7.0",
        "@solana/functional": "6.7.0",
        "@solana/instructions": "6.7.0",
        "@solana/nominal-types": "6.7.0",
        "@solana/rpc-types": "6.7.0"
      },
      "engines": {
        "node": ">=20.18.0"
      },
      "peerDependencies": {
        "typescript": "^5.0.0"
      },
      "peerDependenciesMeta": {
        "typescript": {
          "optional": true
        }
      }
    },
    "node_modules/@solana/transactions": {
      "version": "6.7.0",
      "resolved": "https://registry.npmjs.org/@solana/transactions/-/transactions-6.7.0.tgz",
      "integrity": "sha512-4qiVyr2VfJdjmKg9aLA+nulHaoNLOEBr2f6+aWDQIuRMNiaYHLwXQ2BzfVROtou1TuUrdO9R6JGwI/C477bW4g==",
      "license": "MIT",
      "dependencies": {
        "@solana/addresses": "6.7.0",
        "@solana/codecs-core": "6.7.0",
        "@solana/codecs-data-structures": "6.7.0",
        "@solana/codecs-numbers": "6.7.0",
        "@solana/codecs-strings": "6.7.0",
        "@solana/errors": "6.7.0",
        "@solana/functional": "6.7.0",
        "@solana/instructions": "6.7.0",
        "@solana/keys": "6.7.0",
        "@solana/nominal-types": "6.7.0",
        "@solana/rpc-types": "6.7.0",
        "@solana/transaction-messages": "6.7.0"
      },
      "engines": {
        "node": ">=20.18.0"
      },
      "peerDependencies": {
        "typescript": "^5.0.0"
      },
      "peerDependenciesMeta": {
        "typescript": {
          "optional": true
        }
      }
    },
    "node_modules/@solana/wallet-standard-features": {
      "version": "1.3.0",
      "resolved": "https://registry.npmjs.org/@solana/wallet-standard-features/-/wallet-standard-features-1.3.0.tgz",
      "integrity": "sha512-ZhpZtD+4VArf6RPitsVExvgkF+nGghd1rzPjd97GmBximpnt1rsUxMOEyoIEuH3XBxPyNB6Us7ha7RHWQR+abg==",
      "license": "Apache-2.0",
      "peer": true,
      "dependencies": {
        "@wallet-standard/base": "^1.1.0",
        "@wallet-standard/features": "^1.1.0"
      },
      "engines": {
        "node": ">=16"
      }
    },
    "node_modules/@wallet-standard/app": {
      "version": "1.1.0",
      "resolved": "https://registry.npmjs.org/@wallet-standard/app/-/app-1.1.0.tgz",
      "integrity": "sha512-3CijvrO9utx598kjr45hTbbeeykQrQfKmSnxeWOgU25TOEpvcipD/bYDQWIqUv1Oc6KK4YStokSMu/FBNecGUQ==",
      "license": "Apache-2.0",
      "peer": true,
      "dependencies": {
        "@wallet-standard/base": "^1.1.0"
      },
      "engines": {
        "node": ">=16"
      }
    },
    "node_modules/@wallet-standard/base": {
      "version": "1.1.0",
      "resolved": "https://registry.npmjs.org/@wallet-standard/base/-/base-1.1.0.tgz",
      "integrity": "sha512-DJDQhjKmSNVLKWItoKThJS+CsJQjR9AOBOirBVT1F9YpRyC9oYHE+ZnSf8y8bxUphtKqdQMPVQ2mHohYdRvDVQ==",
      "license": "Apache-2.0",
      "engines": {
        "node": ">=16"
      }
    },
    "node_modules/@wallet-standard/features": {
      "version": "1.1.0",
      "resolved": "https://registry.npmjs.org/@wallet-standard/features/-/features-1.1.0.tgz",
      "integrity": "sha512-hiEivWNztx73s+7iLxsuD1sOJ28xtRix58W7Xnz4XzzA/pF0+aicnWgjOdA10doVDEDZdUuZCIIqG96SFNlDUg==",
      "license": "Apache-2.0",
      "dependencies": {
        "@wallet-standard/base": "^1.1.0"
      },
      "engines": {
        "node": ">=16"
      }
    },
    "node_modules/chalk": {
      "version": "5.6.2",
      "resolved": "https://registry.npmjs.org/chalk/-/chalk-5.6.2.tgz",
      "integrity": "sha512-7NzBL0rN6fMUW+f7A6Io4h40qQlG+xGmtMxfbnH/K7TAtt8JQWVQK+6g0UXKMeVJoyV5EkkNsErQ8pVD3bLHbA==",
      "license": "MIT",
      "engines": {
        "node": "^12.17.0 || ^14.13 || >=16.0.0"
      },
      "funding": {
        "url": "https://github.com/chalk/chalk?sponsor=1"
      }
    },
    "node_modules/commander": {
      "version": "14.0.3",
      "resolved": "https://registry.npmjs.org/commander/-/commander-14.0.3.tgz",
      "integrity": "sha512-H+y0Jo/T1RZ9qPP4Eh1pkcQcLRglraJaSLoyOtHxu6AapkjWVCy2Sit1QQ4x3Dng8qDlSsZEet7g5Pq06MvTgw==",
      "license": "MIT",
      "engines": {
        "node": ">=20"
      }
    },
    "node_modules/tweetnacl": {
      "version": "1.0.3",
      "resolved": "https://registry.npmjs.org/tweetnacl/-/tweetnacl-1.0.3.tgz",
      "integrity": "sha512-6rt+RN7aOi1nGMyC4Xa5DdYiukl2UWCbcJft7YhxReBGQD7OAM8Pbxw6YMo4r2diNEA8FEmu32YOn9rhaiE5yw==",
      "license": "Unlicense"
    },
    "node_modules/undici-types": {
      "version": "7.24.7",
      "resolved": "https://registry.npmjs.org/undici-types/-/undici-types-7.24.7.tgz",
      "integrity": "sha512-XA+gOBkzYD3C74sZowtCLTpgtaCdqZhqCvR6y9LXvrKTt/IVU6bz49T4D+BPi475scshCCkb0IklJRw6T1ZlgQ==",
      "license": "MIT"
    },
    "node_modules/ws": {
      "version": "8.20.0",
      "resolved": "https://registry.npmjs.org/ws/-/ws-8.20.0.tgz",
      "integrity": "sha512-sAt8BhgNbzCtgGbt2OxmpuryO63ZoDk/sqaB/znQm94T4fCEsy/yV+7CdC1kJhOU9lboAEU7R3kquuycDoibVA==",
      "license": "MIT",
      "engines": {
        "node": ">=10.0.0"
      },
      "peerDependencies": {
        "bufferutil": "^4.0.1",
        "utf-8-validate": ">=5.0.2"
      },
      "peerDependenciesMeta": {
        "bufferutil": {
          "optional": true
        },
        "utf-8-validate": {
          "optional": true
        }
      }
    }
  }
}
